{
  "name": "@koj-co/prettierrc",
  "version": "0.0.0",
  "lockfileVersion": 1,
  "requires": true,
  "dependencies": {
    "@types/prettier": {
      "version": "2.1.1",
      "resolved": "https://registry.npmjs.org/@types/prettier/-/prettier-2.1.1.tgz",
      "integrity": "sha512-2zs+O+UkDsJ1Vcp667pd3f8xearMdopz/z54i99wtRDI5KLmngk7vlrYZD0ZjKHaROR03EznlBbVY9PfAEyJIQ==",
      "dev": true
    },
    "typescript": {
      "version": "4.0.2",
      "resolved": "https://registry.npmjs.org/typescript/-/typescript-4.0.2.tgz",
      "integrity": "sha512-e4ERvRV2wb+rRZ/IQeb3jm2VxBsirQLpQhdxplZ2MEzGvDkkMmPglecnNDfSUBivMjP93vRbngYYDQqQ/78bcQ==",
      "dev": true
    }
  }
}
